github.com/bytedance/sonic v1.9.1 h1:6iJ6NqdoxCDr6mbY8h18oSO+cShGSmRGzgo/aAwBbQ=
github.com/chenzhuoyu/base64x v0.0.0-20230717121745-296ad89f973d h1:77cEq6EriyTZ0g/qfRdp61a3S9KfSG+XV0POEZ6Cpyk=
github.com/chenzhuoyu/iasm v0.9.0 h1:9fhXjVzqpxetqT7HBxJmHrql2O3+oK39V8n6O4pP+mg=
github.com/fsnotify/fsnotify v1.7.0 h1:8JEhPFa5+25DFTxlu0g6j9g+fdh1gR3dL6Lp4n4z3l4=
github.com/gabriel-vasile/mimetype v1.4.2 h1:w5qFW6JKBz9Y393Y4q372O9A7cUSequkh1QImOhjtY=
github.com/gin-contrib/sse v0.1.0 h1:Y/yl/+YNO1GcwjkRK1u0yQZRgQcYfR2f9wX9z1+0l0M=
github.com/gin-gonic/gin v1.9.1 h1:4idEAcmc11iVRua/Wn0Bf8z+g6lDq1N2J0w6fBQmRzM=
github.com/go-playground/locales v0.14.1 h1:EWaQ/wSwjQfHC3wH7QpK3lNa7h8h4j0g1Q0l5gQ0l5g=
github.com/go-playground/universal-translator v0.18.1 h1:Bcnm0ZwsGyWbCzImfdv0E2g4l7bTYlPM0Q0l5gQ0l5g=
github.com/go-playground/validator/v10 v10.14.0 h1:vgvQWe3XCz3gPmfdm6g0g0g0g0g0g0g0g0g0g0g0g0g=
github.com/goccy/go-json v0.10.2 h1:CrxCmQqYDkr1zObg4zjkYh4y0l0l0l0l0l0l0l0l0l0l=
github.com/json-iterator/go v1.1.12 h1:PV8peI4a0ysnczrg+LtxykD8LfKY9ML6u2jnxaEnrM=
github.com/klauspost/cpuid/v2 v2.2.4 h1:acbojTNwl0zjn0l0l0l0l0l0l0l0l0l0l0l0l0l0l0l=
github.com/leodido/go-urn v1.2.4 h1:XlAE/cm0l0l0l0l0l0l0l0l0l0l0l0l0l0l0l0l0l0l0l0=
github.com/mattn/go-isatty v0.0.19 h1:WclQ0l0l0l0l0l0l0l0l0l0l0l0l0l0l0l0l0l0l0l0l0=
github.com/modern-go/concurrent v0.0.0-20180306012644-bacd9c7ef1dd h1:TRLaZ9cD/w8PVh93nsPXa1VrQ6jlwL5oN8l14QlcNfg=
github.com/modern-go/reflect2 v1.0.2 h1:xB0o0l0l0l0l0l0l0l0l0l0l0l0l0l0l0l0l0l0l0l0l0=
github.com/pelletier/go-toml/v2 v2.0.8 h1:0ctb6s9mE31h0l0l0l0l0l0l0l0l0l0l0l0l0l0l0l0l0=
github.com/sirupsen/logrus v1.9.3 h1:imU5g0w0l0l0l0l0l0l0l0l0l0l0l0l0l0l0l0l0l0l0l0=
github.com/tidwall/gjson v1.17.1 h1:wlYEn0l0l0l0l0l0l0l0l0l0l0l0l0l0l0l0l0l0l0l0l0=
github.com/tidwall/match v1.1.1 h1:vp0l0l0l0l0l0l0l0l0l0l0l0l0l0l0l0l0l0l0l0l0l0=
github.com/tidwall/pretty v1.2.0 h1:0l0l0l0l0l0l0l0l0l0l0l0l0l0l0l0l0l0l0l0l0l0l0=
github.com/tidwall/sjson v1.2.5 h1:0l0l0l0l0l0l0l0l0l0l0l0l0l0l0l0l0l0l0l0l0l0l0=
github.com/twitchyliquid64/golang-asm v0.15.1 h1:0l0l0l0l0l0l0l0l0l0l0l0l0l0l0l0l0l0l0l0l0l0l0=
github.com/ugorji/go/codec v1.2.11 h1:0l0l0l0l0l0l0l0l0l0l0l0l0l0l0l0l0l0l0l0l0l0l0=
golang.org/x/arch v0.3.0 h1:0l0l0l0l0l0l0l0l0l0l0l0l0l0l0l0l0l0l0l0l0l0l0=
golang.org/x/crypto v0.9.0 h1:0l0l0l0l0l0l0l0l0l0l0l0l0l0l0l0l0l0l0l0l0l0l0=
golang.org/x/net v0.10.0 h1:0l0l0l0l0l0l0l0l0l0l0l0l0l0l0l0l0l0l0l0l0l0l0=
golang.org/x/sys v0.8.0 h1:0l0l0l0l0l0l0l0l0l0l0l0l0l0l0l0l0l0l0l0l0l0l0=
golang.org/x/text v0.9.0 h1:0l0l0l0l0l0l0l0l0l0l0l0l0l0l0l0l0l0l0l0l0l0l0=
google.golang.org/protobuf v1.30.0 h1:0l0l0l0l0l0l0l0l0l0l0l0l0l0l0l0l0l0l0l0l0l0l0=
gopkg.in/yaml.v3 v3.0.1 h1:0l0l0l0l0l0l0l0l0l0l0l0l0l0l0l0l0l0l0l0l0l0l0=
